Microsoft Visual Studio Solution File, Format Version 12.00
# Visual Studio Version 17
VisualStudioVersion = 17.5.2.0
MinimumVisualStudioVersion = 10.0.40219.1
Project("{2150E333-8FDC-42A3-9474-1A3956D46DE8}") = "src", "src", "{827E0CD3-B72D-47B6-A68D-7590B98EB39B}"
EndProject
Project("{FAE04EC0-301F-11D3-BF4B-00C04F79EFBC}") = "JITAccessController.Web.Blazor", "src\JITAccessController.Web.Blazor\JITAccessController.Web.Blazor.csproj", "{D593F33E-28D1-FF81-8D0E-7A69F22AA433}"
EndProject
Global
	GlobalSection(SolutionConfigurationPlatforms) = preSolution
		Debug|Any CPU = Debug|Any CPU
		Release|Any CPU = Release|Any CPU
	EndGlobalSection
	GlobalSection(ProjectConfigurationPlatforms) = postSolution
		{D593F33E-28D1-FF81-8D0E-7A69F22AA433}.Debug|Any CPU.ActiveCfg = Debug|Any CPU
		{D593F33E-28D1-FF81-8D0E-7A69F22AA433}.Debug|Any CPU.Build.0 = Debug|Any CPU
		{D593F33E-28D1-FF81-8D0E-7A69F22AA433}.Release|Any CPU.ActiveCfg = Release|Any CPU
		{D593F33E-28D1-FF81-8D0E-7A69F22AA433}.Release|Any CPU.Build.0 = Release|Any CPU
	EndGlobalSection
	GlobalSection(SolutionProperties) = preSolution
		HideSolutionNode = FALSE
	EndGlobalSection
	GlobalSection(NestedProjects) = preSolution
		{D593F33E-28D1-FF81-8D0E-7A69F22AA433} = {827E0CD3-B72D-47B6-A68D-7590B98EB39B}
	EndGlobalSection
	GlobalSection(ExtensibilityGlobals) = postSolution
		SolutionGuid = {9F5BEEF7-9DD6-4460-AB9B-E492AC88281E}
	EndGlobalSection
EndGlobal
